<?xml version="1.0" encoding="utf-8"?>
<Project ToolsVersion="4.0" xmlns="http://schemas.microsoft.com/developer/msbuild/2003">
  <ItemGroup>
    <Filter Include="源文件">
      <UniqueIdentifier>{4FC737F1-C7A5-4376-A066-2A32D752A2FF}</UniqueIdentifier>
      <Extensions>cpp;c;cc;cxx;c++;cppm;ixx;def;odl;idl;hpj;bat;asm;asmx</Extensions>
    </Filter>
    <Filter Include="头文件">
      <UniqueIdentifier>{93995380-89BD-4b04-88EB-625FBE52EBFB}</UniqueIdentifier>
      <Extensions>h;hh;hpp;hxx;h++;hm;inl;inc;ipp;xsd</Extensions>
    </Filter>
    <Filter Include="资源文件">
      <UniqueIdentifier>{67DA6AB6-F800-4c08-8B7A-83BB121AAD01}</UniqueIdentifier>
      <Extensions>rc;ico;cur;bmp;dlg;rc2;rct;bin;rgs;gif;jpg;jpeg;jpe;resx;tiff;tif;png;wav;mfcribbon-ms</Extensions>
    </Filter>
  </ItemGroup>
  <ItemGroup>
    <ClCompile Include="实验3.2.cpp">
      <Filter>源文件</Filter>
    </ClCompile>
    <ClCompile Include="实验3.3.cpp">
      <Filter>源文件</Filter>
    </ClCompile>
    <ClCompile Include="实验3.4.cpp">
      <Filter>源文件</Filter>
    </ClCompile>
    <ClCompile Include="实验4.1.cpp">
      <Filter>源文件</Filter>
    </ClCompile>
    <ClCompile Include="实验4.2.cpp">
      <Filter>源文件</Filter>
    </ClCompile>
    <ClCompile Include="实验4.3.cpp">
      <Filter>源文件</Filter>
    </ClCompile>
    <ClCompile Include="实验4.4.cpp">
      <Filter>源文件</Filter>
    </ClCompile>
    <ClCompile Include="作业3.2.cpp">
      <Filter>源文件</Filter>
    </ClCompile>
    <ClCompile Include="作业4.1.cpp">
      <Filter>源文件</Filter>
    </ClCompile>
    <ClCompile Include="作业4.2.cpp">
      <Filter>源文件</Filter>
    </ClCompile>
    <ClCompile Include="实验5.2.cpp">
      <Filter>源文件</Filter>
    </ClCompile>
    <ClCompile Include="作业5.1.cpp">
      <Filter>源文件</Filter>
    </ClCompile>
    <ClCompile Include="作业5.2.cpp">
      <Filter>源文件</Filter>
    </ClCompile>
    <ClCompile Include="实验5.1.cpp">
      <Filter>源文件</Filter>
    </ClCompile>
    <ClCompile Include="实验5.3.cpp">
      <Filter>源文件</Filter>
    </ClCompile>
    <ClCompile Include="实验5.4.cpp">
      <Filter>源文件</Filter>
    </ClCompile>
    <ClCompile Include="实验6.1.cpp">
      <Filter>源文件</Filter>
    </ClCompile>
    <ClCompile Include="实验6.2.cpp">
      <Filter>源文件</Filter>
    </ClCompile>
    <ClCompile Include="实验6.3.cpp">
      <Filter>源文件</Filter>
    </ClCompile>
    <ClCompile Include="实验6.4.cpp">
      <Filter>源文件</Filter>
    </ClCompile>
    <ClCompile Include="实验7.1.cpp">
      <Filter>源文件</Filter>
    </ClCompile>
    <ClCompile Include="实验7.2.cpp">
      <Filter>源文件</Filter>
    </ClCompile>
    <ClCompile Include="实验7.3.cpp">
      <Filter>源文件</Filter>
    </ClCompile>
    <ClCompile Include="作业6.1.cpp">
      <Filter>源文件</Filter>
    </ClCompile>
    <ClCompile Include="作业7.1.cpp">
      <Filter>源文件</Filter>
    </ClCompile>
    <ClCompile Include="作业7.2.cpp">
      <Filter>源文件</Filter>
    </ClCompile>
    <ClCompile Include="实验5.5.cpp">
      <Filter>源文件</Filter>
    </ClCompile>
    <ClCompile Include="实验6.5.cpp">
      <Filter>源文件</Filter>
    </ClCompile>
    <ClCompile Include="实验7.5.cpp">
      <Filter>源文件</Filter>
    </ClCompile>
    <ClCompile Include="实验8.1.cpp">
      <Filter>源文件</Filter>
    </ClCompile>
    <ClCompile Include="实验8.2.cpp">
      <Filter>源文件</Filter>
    </ClCompile>
    <ClCompile Include="实验8.3.cpp">
      <Filter>源文件</Filter>
    </ClCompile>
    <ClCompile Include="实验8.4.cpp">
      <Filter>源文件</Filter>
    </ClCompile>
    <ClCompile Include="实验8.5.cpp">
      <Filter>源文件</Filter>
    </ClCompile>
    <ClCompile Include="实验9.1.cpp">
      <Filter>源文件</Filter>
    </ClCompile>
    <ClCompile Include="实验9.2.cpp">
      <Filter>源文件</Filter>
    </ClCompile>
    <ClCompile Include="实验9.3.cpp">
      <Filter>源文件</Filter>
    </ClCompile>
    <ClCompile Include="实验9.4.cpp">
      <Filter>源文件</Filter>
    </ClCompile>
    <ClCompile Include="实验9.5.cpp">
      <Filter>源文件</Filter>
    </ClCompile>
  </ItemGroup>
</Project>